# THIS IS AN AUTOGENERATED FILE. DO NOT EDIT THIS FILE DIRECTLY.
# yarn lockfile v1


"@types/activex-interop@*":
  version "0.0.3"
  resolved "https://registry.yarnpkg.com/@types/activex-interop/-/activex-interop-0.0.3.tgz#7de4de170ba7c43b48d6788bd4671df5785de529"
  integrity sha512-RmOaiOBqyym0g2HcCRoqr2w9fK8QwL7x8b/855N4saqGfplZ1Rxiktn9t9I6ogwomSGGnMceB8ShX5vQ63Zriw==

"@types/activex-iwshruntimelibrary@*":
  version "0.0.3"
  resolved "https://registry.yarnpkg.com/@types/activex-iwshruntimelibrary/-/activex-iwshruntimelibrary-0.0.3.tgz#23d4682901343c93e57e7ad8cf38df4da871dd29"
  integrity sha512-o3Wdhd27jHtPnv/W+lN3HbM+op6iJCxvJstLxA//pnf8lqDR5y2utwP7f/6nRrQ62HJRBcEhxyO7CseJK1C5Ew==
  dependencies:
    "@types/activex-interop" "*"

"@types/activex-scripting@^1.0.8":
  version "1.0.8"
  resolved "https://registry.yarnpkg.com/@types/activex-scripting/-/activex-scripting-1.0.8.tgz#f416cde32b2f55363b6391869b924b5532722ccb"
  integrity sha512-i9xsID515p/tPFVCOZRiod7lN+eVfhmAproInZnGGn+IShImVRl+SqFO79DZ1z1OoYY+rjwu4WMxqEzB5ufZRw==
  dependencies:
    "@types/activex-interop" "*"
    activex-helpers "*"

"@types/typescript@^2.0.0":
  version "2.0.0"
  resolved "https://registry.yarnpkg.com/@types/typescript/-/typescript-2.0.0.tgz#c433539c98bae28682b307eaa7a0fd2115b83c28"
  integrity sha512-WMEWfMISiJ2QKyk5/dSdgL0ZwP//PZj0jmDU0hMh51FmLq4WIYzjlngsUQZXejQL+QtkXJUOGjb3G3UCvgZuSQ==
  dependencies:
    typescript "*"

"@types/windows-script-host@^5.8.3":
  version "5.8.3"
  resolved "https://registry.yarnpkg.com/@types/windows-script-host/-/windows-script-host-5.8.3.tgz#1483c3d711f6235f67869fd999c668c4e5cf2a99"
  integrity sha512-EUbTMPc4mCAiktRJ5yn+/AmOjlxQlZON7ZWRmM4cK0wKcPkfIeIq+1qj99KWPFULwyPmFAW1pmXL0LjRPYk1sQ==
  dependencies:
    "@types/activex-iwshruntimelibrary" "*"

activex-helpers@*:
  version "1.0.3"
  resolved "https://registry.yarnpkg.com/activex-helpers/-/activex-helpers-1.0.3.tgz#22f815cc45b1bd246de556176c970e10736a90af"
  integrity sha512-8xRCG4h5CJIcgV26EXWVfeaNxmtIV6+mhInKKF9SSP5xGKdFlUykIF5881SbDPD5d7UBo34CbMdyk9SGbMFC/w==

typescript@*, typescript@^4.9.4:
  version "4.9.4"
  resolved "https://registry.yarnpkg.com/typescript/-/typescript-4.9.4.tgz#a2a3d2756c079abda241d75f149df9d561091e78"
  integrity sha512-Uz+dTXYzxXXbsFpM86Wh3dKCxrQqUcVMxwU54orwlJjOpO3ao8L7j5lH+dWfTwgCwIuM9GQ2kvVotzYJMXTBZg==
